
Microsoft Visual Studio Solution File, Format Version 12.00
# Visual Studio Version 16
VisualStudioVersion = 16.0.30907.101
MinimumVisualStudioVersion = 10.0.40219.1
Project("{9A19103F-16F7-4668-BE54-9A1E7A4F7556}") = "GMCS_RestAPI", "GMCS_RestAPI\GMCS_RestAPI.csproj", "{B563F39F-549A-44C4-9A73-41ACA3871493}"
EndProject
Project("{9A19103F-16F7-4668-BE54-9A1E7A4F7556}") = "GMCS_RestApi.Domain", "GMCS_RestApi.Domain\GMCS_RestApi.Domain.csproj", "{4B24554E-DEAE-4FE8-A0F9-8AB808701421}"
EndProject
Project("{9A19103F-16F7-4668-BE54-9A1E7A4F7556}") = "GMCS_RestAPI.Contracts", "GMCS_RestAPI.Contracts\GMCS_RestAPI.Contracts.csproj", "{9B9F5200-641A-45F6-908C-4EA1D0C39DF2}"
EndProject
Project("{9A19103F-16F7-4668-BE54-9A1E7A4F7556}") = "GMCS_RestApi.UnitTests", "GMCS_RestApi.UnitTest\GMCS_RestApi.UnitTests.csproj", "{27F9B3FB-C875-44C5-A066-317FD7C430BE}"
EndProject
Project("{FAE04EC0-301F-11D3-BF4B-00C04F79EFBC}") = "GMSC_RestAPI.Infrastructure", "GMSC_RestAPI.Infrastructure\GMSC_RestAPI.Infrastructure.csproj", "{AA38A8AB-DDB6-44CA-B4D5-CE22738065FA}"
EndProject
Global
	GlobalSection(SolutionConfigurationPlatforms) = preSolution
		Debug|Any CPU = Debug|Any CPU
		Release|Any CPU = Release|Any CPU
	EndGlobalSection
	GlobalSection(ProjectConfigurationPlatforms) = postSolution
		{B563F39F-549A-44C4-9A73-41ACA3871493}.Debug|Any CPU.ActiveCfg = Debug|Any CPU
		{B563F39F-549A-44C4-9A73-41ACA3871493}.Debug|Any CPU.Build.0 = Debug|Any CPU
		{B563F39F-549A-44C4-9A73-41ACA3871493}.Release|Any CPU.ActiveCfg = Release|Any CPU
		{B563F39F-549A-44C4-9A73-41ACA3871493}.Release|Any CPU.Build.0 = Release|Any CPU
		{4B24554E-DEAE-4FE8-A0F9-8AB808701421}.Debug|Any CPU.ActiveCfg = Debug|Any CPU
		{4B24554E-DEAE-4FE8-A0F9-8AB808701421}.Debug|Any CPU.Build.0 = Debug|Any CPU
		{4B24554E-DEAE-4FE8-A0F9-8AB808701421}.Release|Any CPU.ActiveCfg = Release|Any CPU
		{4B24554E-DEAE-4FE8-A0F9-8AB808701421}.Release|Any CPU.Build.0 = Release|Any CPU
		{9B9F5200-641A-45F6-908C-4EA1D0C39DF2}.Debug|Any CPU.ActiveCfg = Debug|Any CPU
		{9B9F5200-641A-45F6-908C-4EA1D0C39DF2}.Debug|Any CPU.Build.0 = Debug|Any CPU
		{9B9F5200-641A-45F6-908C-4EA1D0C39DF2}.Release|Any CPU.ActiveCfg = Release|Any CPU
		{9B9F5200-641A-45F6-908C-4EA1D0C39DF2}.Release|Any CPU.Build.0 = Release|Any CPU
		{27F9B3FB-C875-44C5-A066-317FD7C430BE}.Debug|Any CPU.ActiveCfg = Debug|Any CPU
		{27F9B3FB-C875-44C5-A066-317FD7C430BE}.Debug|Any CPU.Build.0 = Debug|Any CPU
		{27F9B3FB-C875-44C5-A066-317FD7C430BE}.Release|Any CPU.ActiveCfg = Release|Any CPU
		{27F9B3FB-C875-44C5-A066-317FD7C430BE}.Release|Any CPU.Build.0 = Release|Any CPU
		{AA38A8AB-DDB6-44CA-B4D5-CE22738065FA}.Debug|Any CPU.ActiveCfg = Debug|Any CPU
		{AA38A8AB-DDB6-44CA-B4D5-CE22738065FA}.Debug|Any CPU.Build.0 = Debug|Any CPU
		{AA38A8AB-DDB6-44CA-B4D5-CE22738065FA}.Release|Any CPU.ActiveCfg = Release|Any CPU
		{AA38A8AB-DDB6-44CA-B4D5-CE22738065FA}.Release|Any CPU.Build.0 = Release|Any CPU
	EndGlobalSection
	GlobalSection(SolutionProperties) = preSolution
		HideSolutionNode = FALSE
	EndGlobalSection
	GlobalSection(ExtensibilityGlobals) = postSolution
		SolutionGuid = {325BDDB5-0E63-46A4-9177-5F080DD29FD7}
	EndGlobalSection
EndGlobal
